
Microsoft Visual Studio Solution File, Format Version 12.00
# Visual Studio Version 17
VisualStudioVersion = 17.5.33414.496
MinimumVisualStudioVersion = 10.0.40219.1
Project("{FAE04EC0-301F-11D3-BF4B-00C04F79EFBC}") = "tpmod4-1302210053", "tpmod4-1302210053\tpmod4-1302210053.csproj", "{15716D1A-87C1-41BD-8C10-7A91FF250F14}"
EndProject
Global
	GlobalSection(SolutionConfigurationPlatforms) = preSolution
		Debug|Any CPU = Debug|Any CPU
		Release|Any CPU = Release|Any CPU
	EndGlobalSection
	GlobalSection(ProjectConfigurationPlatforms) = postSolution
		{15716D1A-87C1-41BD-8C10-7A91FF250F14}.Debug|Any CPU.ActiveCfg = Debug|Any CPU
		{15716D1A-87C1-41BD-8C10-7A91FF250F14}.Debug|Any CPU.Build.0 = Debug|Any CPU
		{15716D1A-87C1-41BD-8C10-7A91FF250F14}.Release|Any CPU.ActiveCfg = Release|Any CPU
		{15716D1A-87C1-41BD-8C10-7A91FF250F14}.Release|Any CPU.Build.0 = Release|Any CPU
	EndGlobalSection
	GlobalSection(SolutionProperties) = preSolution
		HideSolutionNode = FALSE
	EndGlobalSection
	GlobalSection(ExtensibilityGlobals) = postSolution
		SolutionGuid = {F4A087B3-927B-4FBD-A44A-F536DA03FF9B}
	EndGlobalSection
EndGlobal
